Microsoft Visual Studio Solution File, Format Version 9.00
# Visual Studio 2005
Project("{FAE04EC0-301F-11D3-BF4B-00C04F79EFBC}") = "LS_BusinessLayer", "LS_BusinessLayer.csproj", "{52136519-4844-4198-A367-DC34659B997C}"
EndProject
Global
	GlobalSection(SolutionConfigurationPlatforms) = preSolution
		Debug|Any CPU = Debug|Any CPU
		Release|Any CPU = Release|Any CPU
	EndGlobalSection
	GlobalSection(ProjectConfigurationPlatforms) = postSolution
		{52136519-4844-4198-A367-DC34659B997C}.Debug|Any CPU.ActiveCfg = Debug|Any CPU
		{52136519-4844-4198-A367-DC34659B997C}.Debug|Any CPU.Build.0 = Debug|Any CPU
		{52136519-4844-4198-A367-DC34659B997C}.Release|Any CPU.ActiveCfg = Release|Any CPU
		{52136519-4844-4198-A367-DC34659B997C}.Release|Any CPU.Build.0 = Release|Any CPU
	EndGlobalSection
	GlobalSection(SolutionProperties) = preSolution
		HideSolutionNode = FALSE
	EndGlobalSection
EndGlobal
